
Microsoft Visual Studio Solution File, Format Version 12.00
# Visual Studio 15
VisualStudioVersion = 15.0.27004.2009
MinimumVisualStudioVersion = 10.0.40219.1
Project("{9A19103F-16F7-4668-BE54-9A1E7A4F7556}") = "MobileSerialLib", "MobileSerialLib\MobileSerialLib.csproj", "{AAB21A0E-1B0E-496B-83A9-17772E4057A1}"
EndProject
Project("{FAE04EC0-301F-11D3-BF4B-00C04F79EFBC}") = "MobileSerial_BLE.Droid", "MobileSerial_BLE.Droid\MobileSerial_BLE.Droid.csproj", "{33EDA964-8877-4AFD-A5FC-553D9512DE47}"
EndProject
Project("{FAE04EC0-301F-11D3-BF4B-00C04F79EFBC}") = "MobileSerial.UWP", "MobileSerial.UWP\MobileSerial.UWP.csproj", "{3FA33D97-47C5-44F4-AEE2-FD2FB5A750A3}"
EndProject
Global
	GlobalSection(SolutionConfigurationPlatforms) = preSolution
		Ad-Hoc|Any CPU = Ad-Hoc|Any CPU
		Ad-Hoc|ARM = Ad-Hoc|ARM
		Ad-Hoc|iPhone = Ad-Hoc|iPhone
		Ad-Hoc|iPhoneSimulator = Ad-Hoc|iPhoneSimulator
		Ad-Hoc|x64 = Ad-Hoc|x64
		Ad-Hoc|x86 = Ad-Hoc|x86
		AppStore|Any CPU = AppStore|Any CPU
		AppStore|ARM = AppStore|ARM
		AppStore|iPhone = AppStore|iPhone
		AppStore|iPhoneSimulator = AppStore|iPhoneSimulator
		AppStore|x64 = AppStore|x64
		AppStore|x86 = AppStore|x86
		Debug|Any CPU = Debug|Any CPU
		Debug|ARM = Debug|ARM
		Debug|iPhone = Debug|iPhone
		Debug|iPhoneSimulator = Debug|iPhoneSimulator
		Debug|x64 = Debug|x64
		Debug|x86 = Debug|x86
		Release|Any CPU = Release|Any CPU
		Release|ARM = Release|ARM
		Release|iPhone = Release|iPhone
		Release|iPhoneSimulator = Release|iPhoneSimulator
		Release|x64 = Release|x64
		Release|x86 = Release|x86
	EndGlobalSection
	GlobalSection(ProjectConfigurationPlatforms) = postSolution
		{AAB21A0E-1B0E-496B-83A9-17772E4057A1}.Ad-Hoc|Any CPU.ActiveCfg = Release|Any CPU
		{AAB21A0E-1B0E-496B-83A9-17772E4057A1}.Ad-Hoc|Any CPU.Build.0 = Release|Any CPU
		{AAB21A0E-1B0E-496B-83A9-17772E4057A1}.Ad-Hoc|ARM.ActiveCfg = Release|Any CPU
		{AAB21A0E-1B0E-496B-83A9-17772E4057A1}.Ad-Hoc|ARM.Build.0 = Release|Any CPU
		{AAB21A0E-1B0E-496B-83A9-17772E4057A1}.Ad-Hoc|iPhone.ActiveCfg = Release|Any CPU
		{AAB21A0E-1B0E-496B-83A9-17772E4057A1}.Ad-Hoc|iPhone.Build.0 = Release|Any CPU
		{AAB21A0E-1B0E-496B-83A9-17772E4057A1}.Ad-Hoc|iPhoneSimulator.ActiveCfg = Release|Any CPU
		{AAB21A0E-1B0E-496B-83A9-17772E4057A1}.Ad-Hoc|iPhoneSimulator.Build.0 = Release|Any CPU
		{AAB21A0E-1B0E-496B-83A9-17772E4057A1}.Ad-Hoc|x64.ActiveCfg = Release|Any CPU
		{AAB21A0E-1B0E-496B-83A9-17772E4057A1}.Ad-Hoc|x64.Build.0 = Release|Any CPU
		{AAB21A0E-1B0E-496B-83A9-17772E4057A1}.Ad-Hoc|x86.ActiveCfg = Release|Any CPU
		{AAB21A0E-1B0E-496B-83A9-17772E4057A1}.Ad-Hoc|x86.Build.0 = Release|Any CPU
		{AAB21A0E-1B0E-496B-83A9-17772E4057A1}.AppStore|Any CPU.ActiveCfg = Release|Any CPU
		{AAB21A0E-1B0E-496B-83A9-17772E4057A1}.AppStore|Any CPU.Build.0 = Release|Any CPU
		{AAB21A0E-1B0E-496B-83A9-17772E4057A1}.AppStore|ARM.ActiveCfg = Release|Any CPU
		{AAB21A0E-1B0E-496B-83A9-17772E4057A1}.AppStore|ARM.Build.0 = Release|Any CPU
		{AAB21A0E-1B0E-496B-83A9-17772E4057A1}.AppStore|iPhone.ActiveCfg = Release|Any CPU
		{AAB21A0E-1B0E-496B-83A9-17772E4057A1}.AppStore|iPhone.Build.0 = Release|Any CPU
		{AAB21A0E-1B0E-496B-83A9-17772E4057A1}.AppStore|iPhoneSimulator.ActiveCfg = Release|Any CPU
		{AAB21A0E-1B0E-496B-83A9-17772E4057A1}.AppStore|iPhoneSimulator.Build.0 = Release|Any CPU
		{AAB21A0E-1B0E-496B-83A9-17772E4057A1}.AppStore|x64.ActiveCfg = Release|Any CPU
		{AAB21A0E-1B0E-496B-83A9-17772E4057A1}.AppStore|x64.Build.0 = Release|Any CPU
		{AAB21A0E-1B0E-496B-83A9-17772E4057A1}.AppStore|x86.ActiveCfg = Release|Any CPU
		{AAB21A0E-1B0E-496B-83A9-17772E4057A1}.AppStore|x86.Build.0 = Release|Any CPU
		{AAB21A0E-1B0E-496B-83A9-17772E4057A1}.Debug|Any CPU.ActiveCfg = Debug|Any CPU
		{AAB21A0E-1B0E-496B-83A9-17772E4057A1}.Debug|Any CPU.Build.0 = Debug|Any CPU
		{AAB21A0E-1B0E-496B-83A9-17772E4057A1}.Debug|ARM.ActiveCfg = Debug|Any CPU
		{AAB21A0E-1B0E-496B-83A9-17772E4057A1}.Debug|ARM.Build.0 = Debug|Any CPU
		{AAB21A0E-1B0E-496B-83A9-17772E4057A1}.Debug|iPhone.ActiveCfg = Debug|Any CPU
		{AAB21A0E-1B0E-496B-83A9-17772E4057A1}.Debug|iPhone.Build.0 = Debug|Any CPU
		{AAB21A0E-1B0E-496B-83A9-17772E4057A1}.Debug|iPhoneSimulator.ActiveCfg = Debug|Any CPU
		{AAB21A0E-1B0E-496B-83A9-17772E4057A1}.Debug|iPhoneSimulator.Build.0 = Debug|Any CPU
		{AAB21A0E-1B0E-496B-83A9-17772E4057A1}.Debug|x64.ActiveCfg = Debug|Any CPU
		{AAB21A0E-1B0E-496B-83A9-17772E4057A1}.Debug|x64.Build.0 = Debug|Any CPU
		{AAB21A0E-1B0E-496B-83A9-17772E4057A1}.Debug|x86.ActiveCfg = Debug|Any CPU
		{AAB21A0E-1B0E-496B-83A9-17772E4057A1}.Debug|x86.Build.0 = Debug|Any CPU
		{AAB21A0E-1B0E-496B-83A9-17772E4057A1}.Release|Any CPU.ActiveCfg = Release|Any CPU
		{AAB21A0E-1B0E-496B-83A9-17772E4057A1}.Release|Any CPU.Build.0 = Release|Any CPU
		{AAB21A0E-1B0E-496B-83A9-17772E4057A1}.Release|ARM.ActiveCfg = Release|Any CPU
		{AAB21A0E-1B0E-496B-83A9-17772E4057A1}.Release|ARM.Build.0 = Release|Any CPU
		{AAB21A0E-1B0E-496B-83A9-17772E4057A1}.Release|iPhone.ActiveCfg = Release|Any CPU
		{AAB21A0E-1B0E-496B-83A9-17772E4057A1}.Release|iPhone.Build.0 = Release|Any CPU
		{AAB21A0E-1B0E-496B-83A9-17772E4057A1}.Release|iPhoneSimulator.ActiveCfg = Release|Any CPU
		{AAB21A0E-1B0E-496B-83A9-17772E4057A1}.Release|iPhoneSimulator.Build.0 = Release|Any CPU
		{AAB21A0E-1B0E-496B-83A9-17772E4057A1}.Release|x64.ActiveCfg = Release|Any CPU
		{AAB21A0E-1B0E-496B-83A9-17772E4057A1}.Release|x64.Build.0 = Release|Any CPU
		{AAB21A0E-1B0E-496B-83A9-17772E4057A1}.Release|x86.ActiveCfg = Release|Any CPU
		{AAB21A0E-1B0E-496B-83A9-17772E4057A1}.Release|x86.Build.0 = Release|Any CPU
		{33EDA964-8877-4AFD-A5FC-553D9512DE47}.Ad-Hoc|Any CPU.ActiveCfg = Release|Any CPU
		{33EDA964-8877-4AFD-A5FC-553D9512DE47}.Ad-Hoc|Any CPU.Build.0 = Release|Any CPU
		{33EDA964-8877-4AFD-A5FC-553D9512DE47}.Ad-Hoc|ARM.ActiveCfg = Release|Any CPU
		{33EDA964-8877-4AFD-A5FC-553D9512DE47}.Ad-Hoc|ARM.Build.0 = Release|Any CPU
		{33EDA964-8877-4AFD-A5FC-553D9512DE47}.Ad-Hoc|iPhone.ActiveCfg = Release|Any CPU
		{33EDA964-8877-4AFD-A5FC-553D9512DE47}.Ad-Hoc|iPhone.Build.0 = Release|Any CPU
		{33EDA964-8877-4AFD-A5FC-553D9512DE47}.Ad-Hoc|iPhoneSimulator.ActiveCfg = Release|Any CPU
		{33EDA964-8877-4AFD-A5FC-553D9512DE47}.Ad-Hoc|iPhoneSimulator.Build.0 = Release|Any CPU
		{33EDA964-8877-4AFD-A5FC-553D9512DE47}.Ad-Hoc|x64.ActiveCfg = Release|Any CPU
		{33EDA964-8877-4AFD-A5FC-553D9512DE47}.Ad-Hoc|x64.Build.0 = Release|Any CPU
		{33EDA964-8877-4AFD-A5FC-553D9512DE47}.Ad-Hoc|x86.ActiveCfg = Release|Any CPU
		{33EDA964-8877-4AFD-A5FC-553D9512DE47}.Ad-Hoc|x86.Build.0 = Release|Any CPU
		{33EDA964-8877-4AFD-A5FC-553D9512DE47}.AppStore|Any CPU.ActiveCfg = Release|Any CPU
		{33EDA964-8877-4AFD-A5FC-553D9512DE47}.AppStore|Any CPU.Build.0 = Release|Any CPU
		{33EDA964-8877-4AFD-A5FC-553D9512DE47}.AppStore|ARM.ActiveCfg = Release|Any CPU
		{33EDA964-8877-4AFD-A5FC-553D9512DE47}.AppStore|ARM.Build.0 = Release|Any CPU
		{33EDA964-8877-4AFD-A5FC-553D9512DE47}.AppStore|iPhone.ActiveCfg = Release|Any CPU
		{33EDA964-8877-4AFD-A5FC-553D9512DE47}.AppStore|iPhone.Build.0 = Release|Any CPU
		{33EDA964-8877-4AFD-A5FC-553D9512DE47}.AppStore|iPhoneSimulator.ActiveCfg = Release|Any CPU
		{33EDA964-8877-4AFD-A5FC-553D9512DE47}.AppStore|iPhoneSimulator.Build.0 = Release|Any CPU
		{33EDA964-8877-4AFD-A5FC-553D9512DE47}.AppStore|x64.ActiveCfg = Release|Any CPU
		{33EDA964-8877-4AFD-A5FC-553D9512DE47}.AppStore|x64.Build.0 = Release|Any CPU
		{33EDA964-8877-4AFD-A5FC-553D9512DE47}.AppStore|x86.ActiveCfg = Release|Any CPU
		{33EDA964-8877-4AFD-A5FC-553D9512DE47}.AppStore|x86.Build.0 = Release|Any CPU
		{33EDA964-8877-4AFD-A5FC-553D9512DE47}.Debug|Any CPU.ActiveCfg = Debug|Any CPU
		{33EDA964-8877-4AFD-A5FC-553D9512DE47}.Debug|Any CPU.Build.0 = Debug|Any CPU
		{33EDA964-8877-4AFD-A5FC-553D9512DE47}.Debug|ARM.ActiveCfg = Debug|Any CPU
		{33EDA964-8877-4AFD-A5FC-553D9512DE47}.Debug|ARM.Build.0 = Debug|Any CPU
		{33EDA964-8877-4AFD-A5FC-553D9512DE47}.Debug|iPhone.ActiveCfg = Debug|Any CPU
		{33EDA964-8877-4AFD-A5FC-553D9512DE47}.Debug|iPhone.Build.0 = Debug|Any CPU
		{33EDA964-8877-4AFD-A5FC-553D9512DE47}.Debug|iPhoneSimulator.ActiveCfg = Debug|Any CPU
		{33EDA964-8877-4AFD-A5FC-553D9512DE47}.Debug|iPhoneSimulator.Build.0 = Debug|Any CPU
		{33EDA964-8877-4AFD-A5FC-553D9512DE47}.Debug|x64.ActiveCfg = Debug|Any CPU
		{33EDA964-8877-4AFD-A5FC-553D9512DE47}.Debug|x64.Build.0 = Debug|Any CPU
		{33EDA964-8877-4AFD-A5FC-553D9512DE47}.Debug|x86.ActiveCfg = Debug|Any CPU
		{33EDA964-8877-4AFD-A5FC-553D9512DE47}.Debug|x86.Build.0 = Debug|Any CPU
		{33EDA964-8877-4AFD-A5FC-553D9512DE47}.Release|Any CPU.ActiveCfg = Release|Any CPU
		{33EDA964-8877-4AFD-A5FC-553D9512DE47}.Release|Any CPU.Build.0 = Release|Any CPU
		{33EDA964-8877-4AFD-A5FC-553D9512DE47}.Release|ARM.ActiveCfg = Release|Any CPU
		{33EDA964-8877-4AFD-A5FC-553D9512DE47}.Release|ARM.Build.0 = Release|Any CPU
		{33EDA964-8877-4AFD-A5FC-553D9512DE47}.Release|iPhone.ActiveCfg = Release|Any CPU
		{33EDA964-8877-4AFD-A5FC-553D9512DE47}.Release|iPhone.Build.0 = Release|Any CPU
		{33EDA964-8877-4AFD-A5FC-553D9512DE47}.Release|iPhoneSimulator.ActiveCfg = Release|Any CPU
		{33EDA964-8877-4AFD-A5FC-553D9512DE47}.Release|iPhoneSimulator.Build.0 = Release|Any CPU
		{33EDA964-8877-4AFD-A5FC-553D9512DE47}.Release|x64.ActiveCfg = Release|Any CPU
		{33EDA964-8877-4AFD-A5FC-553D9512DE47}.Release|x64.Build.0 = Release|Any CPU
		{33EDA964-8877-4AFD-A5FC-553D9512DE47}.Release|x86.ActiveCfg = Release|Any CPU
		{33EDA964-8877-4AFD-A5FC-553D9512DE47}.Release|x86.Build.0 = Release|Any CPU
		{3FA33D97-47C5-44F4-AEE2-FD2FB5A750A3}.Ad-Hoc|Any CPU.ActiveCfg = Release|Any CPU
		{3FA33D97-47C5-44F4-AEE2-FD2FB5A750A3}.Ad-Hoc|Any CPU.Build.0 = Release|Any CPU
		{3FA33D97-47C5-44F4-AEE2-FD2FB5A750A3}.Ad-Hoc|ARM.ActiveCfg = Release|ARM
		{3FA33D97-47C5-44F4-AEE2-FD2FB5A750A3}.Ad-Hoc|ARM.Build.0 = Release|ARM
		{3FA33D97-47C5-44F4-AEE2-FD2FB5A750A3}.Ad-Hoc|iPhone.ActiveCfg = Release|Any CPU
		{3FA33D97-47C5-44F4-AEE2-FD2FB5A750A3}.Ad-Hoc|iPhone.Build.0 = Release|Any CPU
		{3FA33D97-47C5-44F4-AEE2-FD2FB5A750A3}.Ad-Hoc|iPhoneSimulator.ActiveCfg = Release|Any CPU
		{3FA33D97-47C5-44F4-AEE2-FD2FB5A750A3}.Ad-Hoc|iPhoneSimulator.Build.0 = Release|Any CPU
		{3FA33D97-47C5-44F4-AEE2-FD2FB5A750A3}.Ad-Hoc|x64.ActiveCfg = Release|x64
		{3FA33D97-47C5-44F4-AEE2-FD2FB5A750A3}.Ad-Hoc|x64.Build.0 = Release|x64
		{3FA33D97-47C5-44F4-AEE2-FD2FB5A750A3}.Ad-Hoc|x86.ActiveCfg = Release|x86
		{3FA33D97-47C5-44F4-AEE2-FD2FB5A750A3}.Ad-Hoc|x86.Build.0 = Release|x86
		{3FA33D97-47C5-44F4-AEE2-FD2FB5A750A3}.AppStore|Any CPU.ActiveCfg = Release|Any CPU
		{3FA33D97-47C5-44F4-AEE2-FD2FB5A750A3}.AppStore|Any CPU.Build.0 = Release|Any CPU
		{3FA33D97-47C5-44F4-AEE2-FD2FB5A750A3}.AppStore|ARM.ActiveCfg = Release|ARM
		{3FA33D97-47C5-44F4-AEE2-FD2FB5A750A3}.AppStore|ARM.Build.0 = Release|ARM
		{3FA33D97-47C5-44F4-AEE2-FD2FB5A750A3}.AppStore|iPhone.ActiveCfg = Release|Any CPU
		{3FA33D97-47C5-44F4-AEE2-FD2FB5A750A3}.AppStore|iPhone.Build.0 = Release|Any CPU
		{3FA33D97-47C5-44F4-AEE2-FD2FB5A750A3}.AppStore|iPhoneSimulator.ActiveCfg = Release|Any CPU
		{3FA33D97-47C5-44F4-AEE2-FD2FB5A750A3}.AppStore|iPhoneSimulator.Build.0 = Release|Any CPU
		{3FA33D97-47C5-44F4-AEE2-FD2FB5A750A3}.AppStore|x64.ActiveCfg = Release|x64
		{3FA33D97-47C5-44F4-AEE2-FD2FB5A750A3}.AppStore|x64.Build.0 = Release|x64
		{3FA33D97-47C5-44F4-AEE2-FD2FB5A750A3}.AppStore|x86.ActiveCfg = Release|x86
		{3FA33D97-47C5-44F4-AEE2-FD2FB5A750A3}.AppStore|x86.Build.0 = Release|x86
		{3FA33D97-47C5-44F4-AEE2-FD2FB5A750A3}.Debug|Any CPU.ActiveCfg = Debug|Any CPU
		{3FA33D97-47C5-44F4-AEE2-FD2FB5A750A3}.Debug|Any CPU.Build.0 = Debug|Any CPU
		{3FA33D97-47C5-44F4-AEE2-FD2FB5A750A3}.Debug|ARM.ActiveCfg = Debug|ARM
		{3FA33D97-47C5-44F4-AEE2-FD2FB5A750A3}.Debug|ARM.Build.0 = Debug|ARM
		{3FA33D97-47C5-44F4-AEE2-FD2FB5A750A3}.Debug|iPhone.ActiveCfg = Debug|Any CPU
		{3FA33D97-47C5-44F4-AEE2-FD2FB5A750A3}.Debug|iPhone.Build.0 = Debug|Any CPU
		{3FA33D97-47C5-44F4-AEE2-FD2FB5A750A3}.Debug|iPhoneSimulator.ActiveCfg = Debug|Any CPU
		{3FA33D97-47C5-44F4-AEE2-FD2FB5A750A3}.Debug|iPhoneSimulator.Build.0 = Debug|Any CPU
		{3FA33D97-47C5-44F4-AEE2-FD2FB5A750A3}.Debug|x64.ActiveCfg = Debug|x64
		{3FA33D97-47C5-44F4-AEE2-FD2FB5A750A3}.Debug|x64.Build.0 = Debug|x64
		{3FA33D97-47C5-44F4-AEE2-FD2FB5A750A3}.Debug|x86.ActiveCfg = Debug|x86
		{3FA33D97-47C5-44F4-AEE2-FD2FB5A750A3}.Debug|x86.Build.0 = Debug|x86
		{3FA33D97-47C5-44F4-AEE2-FD2FB5A750A3}.Release|Any CPU.ActiveCfg = Release|Any CPU
		{3FA33D97-47C5-44F4-AEE2-FD2FB5A750A3}.Release|Any CPU.Build.0 = Release|Any CPU
		{3FA33D97-47C5-44F4-AEE2-FD2FB5A750A3}.Release|ARM.ActiveCfg = Release|ARM
		{3FA33D97-47C5-44F4-AEE2-FD2FB5A750A3}.Release|ARM.Build.0 = Release|ARM
		{3FA33D97-47C5-44F4-AEE2-FD2FB5A750A3}.Release|iPhone.ActiveCfg = Release|Any CPU
		{3FA33D97-47C5-44F4-AEE2-FD2FB5A750A3}.Release|iPhone.Build.0 = Release|Any CPU
		{3FA33D97-47C5-44F4-AEE2-FD2FB5A750A3}.Release|iPhoneSimulator.ActiveCfg = Release|Any CPU
		{3FA33D97-47C5-44F4-AEE2-FD2FB5A750A3}.Release|iPhoneSimulator.Build.0 = Release|Any CPU
		{3FA33D97-47C5-44F4-AEE2-FD2FB5A750A3}.Release|x64.ActiveCfg = Release|x64
		{3FA33D97-47C5-44F4-AEE2-FD2FB5A750A3}.Release|x64.Build.0 = Release|x64
		{3FA33D97-47C5-44F4-AEE2-FD2FB5A750A3}.Release|x86.ActiveCfg = Release|x86
		{3FA33D97-47C5-44F4-AEE2-FD2FB5A750A3}.Release|x86.Build.0 = Release|x86
	EndGlobalSection
	GlobalSection(SolutionProperties) = preSolution
		HideSolutionNode = FALSE
	EndGlobalSection
	GlobalSection(ExtensibilityGlobals) = postSolution
		SolutionGuid = {A80EF8B2-17C3-4382-B947-ABDE0E8AEB1C}
	EndGlobalSection
EndGlobal
